
Microsoft Visual Studio Solution File, Format Version 12.00
# Visual Studio Version 17
VisualStudioVersion = 17.0.31903.59
MinimumVisualStudioVersion = 10.0.40219.1
Project("{FAE04EC0-301F-11D3-BF4B-00C04F79EFBC}") = "Common", "Common\Common.csproj", "{9160EC8B-4B99-4F79-B15C-EF50531AF049}"
EndProject
Project("{FAE04EC0-301F-11D3-BF4B-00C04F79EFBC}") = "Application", "Application\Application.csproj", "{948DC704-C559-40E2-8CFC-50C9F9AF01C4}"
EndProject
Project("{2150E333-8FDC-42A3-9474-1A3956D46DE8}") = "Modules", "Modules", "{AEBC6A38-9904-4099-979B-394E4D29A1FE}"
EndProject
Project("{FAE04EC0-301F-11D3-BF4B-00C04F79EFBC}") = "Profile", "Modules\Profile\Profile.csproj", "{8C1CD077-E897-490F-857C-45F5FD604A61}"
EndProject
Project("{FAE04EC0-301F-11D3-BF4B-00C04F79EFBC}") = "User", "Modules\User\User.csproj", "{2D9EE951-9BB9-4D71-B100-1AEF36CE1DAD}"
EndProject
Project("{FAE04EC0-301F-11D3-BF4B-00C04F79EFBC}") = "Infrastructure", "Infrastructure\Infrastructure.csproj", "{B94FD2C5-1A9B-421B-A32A-6F02CE4AD4E5}"
EndProject
Global
	GlobalSection(SolutionConfigurationPlatforms) = preSolution
		Debug|Any CPU = Debug|Any CPU
		Release|Any CPU = Release|Any CPU
	EndGlobalSection
	GlobalSection(SolutionProperties) = preSolution
		HideSolutionNode = FALSE
	EndGlobalSection
	GlobalSection(ProjectConfigurationPlatforms) = postSolution
		{9160EC8B-4B99-4F79-B15C-EF50531AF049}.Debug|Any CPU.ActiveCfg = Debug|Any CPU
		{9160EC8B-4B99-4F79-B15C-EF50531AF049}.Debug|Any CPU.Build.0 = Debug|Any CPU
		{9160EC8B-4B99-4F79-B15C-EF50531AF049}.Release|Any CPU.ActiveCfg = Release|Any CPU
		{9160EC8B-4B99-4F79-B15C-EF50531AF049}.Release|Any CPU.Build.0 = Release|Any CPU
		{948DC704-C559-40E2-8CFC-50C9F9AF01C4}.Debug|Any CPU.ActiveCfg = Debug|Any CPU
		{948DC704-C559-40E2-8CFC-50C9F9AF01C4}.Debug|Any CPU.Build.0 = Debug|Any CPU
		{948DC704-C559-40E2-8CFC-50C9F9AF01C4}.Release|Any CPU.ActiveCfg = Release|Any CPU
		{948DC704-C559-40E2-8CFC-50C9F9AF01C4}.Release|Any CPU.Build.0 = Release|Any CPU
		{8C1CD077-E897-490F-857C-45F5FD604A61}.Debug|Any CPU.ActiveCfg = Debug|Any CPU
		{8C1CD077-E897-490F-857C-45F5FD604A61}.Debug|Any CPU.Build.0 = Debug|Any CPU
		{8C1CD077-E897-490F-857C-45F5FD604A61}.Release|Any CPU.ActiveCfg = Release|Any CPU
		{8C1CD077-E897-490F-857C-45F5FD604A61}.Release|Any CPU.Build.0 = Release|Any CPU
		{2D9EE951-9BB9-4D71-B100-1AEF36CE1DAD}.Debug|Any CPU.ActiveCfg = Debug|Any CPU
		{2D9EE951-9BB9-4D71-B100-1AEF36CE1DAD}.Debug|Any CPU.Build.0 = Debug|Any CPU
		{2D9EE951-9BB9-4D71-B100-1AEF36CE1DAD}.Release|Any CPU.ActiveCfg = Release|Any CPU
		{2D9EE951-9BB9-4D71-B100-1AEF36CE1DAD}.Release|Any CPU.Build.0 = Release|Any CPU
		{B94FD2C5-1A9B-421B-A32A-6F02CE4AD4E5}.Debug|Any CPU.ActiveCfg = Debug|Any CPU
		{B94FD2C5-1A9B-421B-A32A-6F02CE4AD4E5}.Debug|Any CPU.Build.0 = Debug|Any CPU
		{B94FD2C5-1A9B-421B-A32A-6F02CE4AD4E5}.Release|Any CPU.ActiveCfg = Release|Any CPU
		{B94FD2C5-1A9B-421B-A32A-6F02CE4AD4E5}.Release|Any CPU.Build.0 = Release|Any CPU
	EndGlobalSection
	GlobalSection(NestedProjects) = preSolution
		{8C1CD077-E897-490F-857C-45F5FD604A61} = {AEBC6A38-9904-4099-979B-394E4D29A1FE}
		{2D9EE951-9BB9-4D71-B100-1AEF36CE1DAD} = {AEBC6A38-9904-4099-979B-394E4D29A1FE}
	EndGlobalSection
EndGlobal
